
Microsoft Visual Studio Solution File, Format Version 12.00
# Visual Studio Version 17
VisualStudioVersion = 17.2.32616.157
MinimumVisualStudioVersion = 10.0.40219.1
Project("{FAE04EC0-301F-11D3-BF4B-00C04F79EFBC}") = "Shop", "Shop\Shop.csproj", "{8D1BDCC4-6EA5-47EB-907D-50C98C6CB499}"
EndProject
Project("{FAE04EC0-301F-11D3-BF4B-00C04F79EFBC}") = "Domain", "Domain\Domain.csproj", "{853EBD25-1986-4339-A7FE-40ADE650B693}"
EndProject
Project("{FAE04EC0-301F-11D3-BF4B-00C04F79EFBC}") = "Infrastructure", "Infrastructure\Infrastructure.csproj", "{2CC2D997-3CB6-4C1F-81ED-7C1812AC879F}"
EndProject
Project("{FAE04EC0-301F-11D3-BF4B-00C04F79EFBC}") = "Application", "Application\Application.csproj", "{5B218E67-84BE-4ED3-968A-34D583D6DAF1}"
EndProject
Global
	GlobalSection(SolutionConfigurationPlatforms) = preSolution
		Debug|Any CPU = Debug|Any CPU
		Release|Any CPU = Release|Any CPU
	EndGlobalSection
	GlobalSection(ProjectConfigurationPlatforms) = postSolution
		{8D1BDCC4-6EA5-47EB-907D-50C98C6CB499}.Debug|Any CPU.ActiveCfg = Debug|Any CPU
		{8D1BDCC4-6EA5-47EB-907D-50C98C6CB499}.Debug|Any CPU.Build.0 = Debug|Any CPU
		{8D1BDCC4-6EA5-47EB-907D-50C98C6CB499}.Release|Any CPU.ActiveCfg = Release|Any CPU
		{8D1BDCC4-6EA5-47EB-907D-50C98C6CB499}.Release|Any CPU.Build.0 = Release|Any CPU
		{853EBD25-1986-4339-A7FE-40ADE650B693}.Debug|Any CPU.ActiveCfg = Debug|Any CPU
		{853EBD25-1986-4339-A7FE-40ADE650B693}.Debug|Any CPU.Build.0 = Debug|Any CPU
		{853EBD25-1986-4339-A7FE-40ADE650B693}.Release|Any CPU.ActiveCfg = Release|Any CPU
		{853EBD25-1986-4339-A7FE-40ADE650B693}.Release|Any CPU.Build.0 = Release|Any CPU
		{2CC2D997-3CB6-4C1F-81ED-7C1812AC879F}.Debug|Any CPU.ActiveCfg = Debug|Any CPU
		{2CC2D997-3CB6-4C1F-81ED-7C1812AC879F}.Debug|Any CPU.Build.0 = Debug|Any CPU
		{2CC2D997-3CB6-4C1F-81ED-7C1812AC879F}.Release|Any CPU.ActiveCfg = Release|Any CPU
		{2CC2D997-3CB6-4C1F-81ED-7C1812AC879F}.Release|Any CPU.Build.0 = Release|Any CPU
		{5B218E67-84BE-4ED3-968A-34D583D6DAF1}.Debug|Any CPU.ActiveCfg = Debug|Any CPU
		{5B218E67-84BE-4ED3-968A-34D583D6DAF1}.Debug|Any CPU.Build.0 = Debug|Any CPU
		{5B218E67-84BE-4ED3-968A-34D583D6DAF1}.Release|Any CPU.ActiveCfg = Release|Any CPU
		{5B218E67-84BE-4ED3-968A-34D583D6DAF1}.Release|Any CPU.Build.0 = Release|Any CPU
	EndGlobalSection
	GlobalSection(SolutionProperties) = preSolution
		HideSolutionNode = FALSE
	EndGlobalSection
	GlobalSection(ExtensibilityGlobals) = postSolution
		SolutionGuid = {F3B24248-59F8-4A56-B7B9-0B35A1A270D1}
	EndGlobalSection
EndGlobal
